
Microsoft Visual Studio Solution File, Format Version 12.00
# Visual Studio 14
VisualStudioVersion = 14.0.25420.1
MinimumVisualStudioVersion = 10.0.40219.1
Project("{D954291E-2A0B-460D-934E-DC6B0785DB48}") = "BgImgTestApp", "BgImgTestApp\BgImgTestApp\BgImgTestApp.shproj", "{D297E94F-4130-4C9E-AE93-958BE2947574}"
EndProject
Project("{FAE04EC0-301F-11D3-BF4B-00C04F79EFBC}") = "BgImgTestApp.Droid", "BgImgTestApp\BgImgTestApp.Droid\BgImgTestApp.Droid.csproj", "{B1BC6CDA-1E1F-465B-A74B-1B397E431A95}"
EndProject
Project("{FAE04EC0-301F-11D3-BF4B-00C04F79EFBC}") = "BgImgTestApp.iOS", "BgImgTestApp\BgImgTestApp.iOS\BgImgTestApp.iOS.csproj", "{C6B4B78F-50D2-4DC1-A68B-C55ECD075B51}"
EndProject
Project("{FAE04EC0-301F-11D3-BF4B-00C04F79EFBC}") = "BgImgTestApp.WinPhone", "BgImgTestApp\BgImgTestApp.WinPhone\BgImgTestApp.WinPhone.csproj", "{2847F125-F8CA-4CCA-B866-3A89CDDF07DD}"
EndProject
Project("{FAE04EC0-301F-11D3-BF4B-00C04F79EFBC}") = "BgImgTestApp.Windows", "BgImgTestApp\BgImgTestApp.Windows\BgImgTestApp.Windows.csproj", "{9766D57C-ED35-4A77-BDD0-186670CD24F4}"
EndProject
Global
	GlobalSection(SharedMSBuildProjectFiles) = preSolution
		BgImgTestApp\BgImgTestApp\BgImgTestApp.projitems*{2847f125-f8ca-4cca-b866-3a89cddf07dd}*SharedItemsImports = 4
		BgImgTestApp\BgImgTestApp\BgImgTestApp.projitems*{9766d57c-ed35-4a77-bdd0-186670cd24f4}*SharedItemsImports = 4
		BgImgTestApp\BgImgTestApp\BgImgTestApp.projitems*{b1bc6cda-1e1f-465b-a74b-1b397e431a95}*SharedItemsImports = 4
		BgImgTestApp\BgImgTestApp\BgImgTestApp.projitems*{c6b4b78f-50d2-4dc1-a68b-c55ecd075b51}*SharedItemsImports = 4
		BgImgTestApp\BgImgTestApp\BgImgTestApp.projitems*{d297e94f-4130-4c9e-ae93-958be2947574}*SharedItemsImports = 13
	EndGlobalSection
	GlobalSection(SolutionConfigurationPlatforms) = preSolution
		Ad-Hoc|Any CPU = Ad-Hoc|Any CPU
		Ad-Hoc|ARM = Ad-Hoc|ARM
		Ad-Hoc|iPhone = Ad-Hoc|iPhone
		Ad-Hoc|iPhoneSimulator = Ad-Hoc|iPhoneSimulator
		Ad-Hoc|x64 = Ad-Hoc|x64
		Ad-Hoc|x86 = Ad-Hoc|x86
		AppStore|Any CPU = AppStore|Any CPU
		AppStore|ARM = AppStore|ARM
		AppStore|iPhone = AppStore|iPhone
		AppStore|iPhoneSimulator = AppStore|iPhoneSimulator
		AppStore|x64 = AppStore|x64
		AppStore|x86 = AppStore|x86
		Debug|Any CPU = Debug|Any CPU
		Debug|ARM = Debug|ARM
		Debug|iPhone = Debug|iPhone
		Debug|iPhoneSimulator = Debug|iPhoneSimulator
		Debug|x64 = Debug|x64
		Debug|x86 = Debug|x86
		Release|Any CPU = Release|Any CPU
		Release|ARM = Release|ARM
		Release|iPhone = Release|iPhone
		Release|iPhoneSimulator = Release|iPhoneSimulator
		Release|x64 = Release|x64
		Release|x86 = Release|x86
	EndGlobalSection
	GlobalSection(ProjectConfigurationPlatforms) = postSolution
		{B1BC6CDA-1E1F-465B-A74B-1B397E431A95}.Ad-Hoc|Any CPU.ActiveCfg = Release|Any CPU
		{B1BC6CDA-1E1F-465B-A74B-1B397E431A95}.Ad-Hoc|Any CPU.Build.0 = Release|Any CPU
		{B1BC6CDA-1E1F-465B-A74B-1B397E431A95}.Ad-Hoc|Any CPU.Deploy.0 = Release|Any CPU
		{B1BC6CDA-1E1F-465B-A74B-1B397E431A95}.Ad-Hoc|ARM.ActiveCfg = Release|Any CPU
		{B1BC6CDA-1E1F-465B-A74B-1B397E431A95}.Ad-Hoc|ARM.Build.0 = Release|Any CPU
		{B1BC6CDA-1E1F-465B-A74B-1B397E431A95}.Ad-Hoc|ARM.Deploy.0 = Release|Any CPU
		{B1BC6CDA-1E1F-465B-A74B-1B397E431A95}.Ad-Hoc|iPhone.ActiveCfg = Release|Any CPU
		{B1BC6CDA-1E1F-465B-A74B-1B397E431A95}.Ad-Hoc|iPhone.Build.0 = Release|Any CPU
		{B1BC6CDA-1E1F-465B-A74B-1B397E431A95}.Ad-Hoc|iPhone.Deploy.0 = Release|Any CPU
		{B1BC6CDA-1E1F-465B-A74B-1B397E431A95}.Ad-Hoc|iPhoneSimulator.ActiveCfg = Release|Any CPU
		{B1BC6CDA-1E1F-465B-A74B-1B397E431A95}.Ad-Hoc|iPhoneSimulator.Build.0 = Release|Any CPU
		{B1BC6CDA-1E1F-465B-A74B-1B397E431A95}.Ad-Hoc|iPhoneSimulator.Deploy.0 = Release|Any CPU
		{B1BC6CDA-1E1F-465B-A74B-1B397E431A95}.Ad-Hoc|x64.ActiveCfg = Release|Any CPU
		{B1BC6CDA-1E1F-465B-A74B-1B397E431A95}.Ad-Hoc|x64.Build.0 = Release|Any CPU
		{B1BC6CDA-1E1F-465B-A74B-1B397E431A95}.Ad-Hoc|x64.Deploy.0 = Release|Any CPU
		{B1BC6CDA-1E1F-465B-A74B-1B397E431A95}.Ad-Hoc|x86.ActiveCfg = Release|Any CPU
		{B1BC6CDA-1E1F-465B-A74B-1B397E431A95}.Ad-Hoc|x86.Build.0 = Release|Any CPU
		{B1BC6CDA-1E1F-465B-A74B-1B397E431A95}.Ad-Hoc|x86.Deploy.0 = Release|Any CPU
		{B1BC6CDA-1E1F-465B-A74B-1B397E431A95}.AppStore|Any CPU.ActiveCfg = Release|Any CPU
		{B1BC6CDA-1E1F-465B-A74B-1B397E431A95}.AppStore|Any CPU.Build.0 = Release|Any CPU
		{B1BC6CDA-1E1F-465B-A74B-1B397E431A95}.AppStore|Any CPU.Deploy.0 = Release|Any CPU
		{B1BC6CDA-1E1F-465B-A74B-1B397E431A95}.AppStore|ARM.ActiveCfg = Release|Any CPU
		{B1BC6CDA-1E1F-465B-A74B-1B397E431A95}.AppStore|ARM.Build.0 = Release|Any CPU
		{B1BC6CDA-1E1F-465B-A74B-1B397E431A95}.AppStore|ARM.Deploy.0 = Release|Any CPU
		{B1BC6CDA-1E1F-465B-A74B-1B397E431A95}.AppStore|iPhone.ActiveCfg = Release|Any CPU
		{B1BC6CDA-1E1F-465B-A74B-1B397E431A95}.AppStore|iPhone.Build.0 = Release|Any CPU
		{B1BC6CDA-1E1F-465B-A74B-1B397E431A95}.AppStore|iPhone.Deploy.0 = Release|Any CPU
		{B1BC6CDA-1E1F-465B-A74B-1B397E431A95}.AppStore|iPhoneSimulator.ActiveCfg = Release|Any CPU
		{B1BC6CDA-1E1F-465B-A74B-1B397E431A95}.AppStore|iPhoneSimulator.Build.0 = Release|Any CPU
		{B1BC6CDA-1E1F-465B-A74B-1B397E431A95}.AppStore|iPhoneSimulator.Deploy.0 = Release|Any CPU
		{B1BC6CDA-1E1F-465B-A74B-1B397E431A95}.AppStore|x64.ActiveCfg = Release|Any CPU
		{B1BC6CDA-1E1F-465B-A74B-1B397E431A95}.AppStore|x64.Build.0 = Release|Any CPU
		{B1BC6CDA-1E1F-465B-A74B-1B397E431A95}.AppStore|x64.Deploy.0 = Release|Any CPU
		{B1BC6CDA-1E1F-465B-A74B-1B397E431A95}.AppStore|x86.ActiveCfg = Release|Any CPU
		{B1BC6CDA-1E1F-465B-A74B-1B397E431A95}.AppStore|x86.Build.0 = Release|Any CPU
		{B1BC6CDA-1E1F-465B-A74B-1B397E431A95}.AppStore|x86.Deploy.0 = Release|Any CPU
		{B1BC6CDA-1E1F-465B-A74B-1B397E431A95}.Debug|Any CPU.ActiveCfg = Debug|Any CPU
		{B1BC6CDA-1E1F-465B-A74B-1B397E431A95}.Debug|Any CPU.Build.0 = Debug|Any CPU
		{B1BC6CDA-1E1F-465B-A74B-1B397E431A95}.Debug|Any CPU.Deploy.0 = Debug|Any CPU
		{B1BC6CDA-1E1F-465B-A74B-1B397E431A95}.Debug|ARM.ActiveCfg = Debug|Any CPU
		{B1BC6CDA-1E1F-465B-A74B-1B397E431A95}.Debug|ARM.Build.0 = Debug|Any CPU
		{B1BC6CDA-1E1F-465B-A74B-1B397E431A95}.Debug|ARM.Deploy.0 = Debug|Any CPU
		{B1BC6CDA-1E1F-465B-A74B-1B397E431A95}.Debug|iPhone.ActiveCfg = Debug|Any CPU
		{B1BC6CDA-1E1F-465B-A74B-1B397E431A95}.Debug|iPhone.Build.0 = Debug|Any CPU
		{B1BC6CDA-1E1F-465B-A74B-1B397E431A95}.Debug|iPhone.Deploy.0 = Debug|Any CPU
		{B1BC6CDA-1E1F-465B-A74B-1B397E431A95}.Debug|iPhoneSimulator.ActiveCfg = Debug|Any CPU
		{B1BC6CDA-1E1F-465B-A74B-1B397E431A95}.Debug|iPhoneSimulator.Build.0 = Debug|Any CPU
		{B1BC6CDA-1E1F-465B-A74B-1B397E431A95}.Debug|iPhoneSimulator.Deploy.0 = Debug|Any CPU
		{B1BC6CDA-1E1F-465B-A74B-1B397E431A95}.Debug|x64.ActiveCfg = Debug|Any CPU
		{B1BC6CDA-1E1F-465B-A74B-1B397E431A95}.Debug|x64.Build.0 = Debug|Any CPU
		{B1BC6CDA-1E1F-465B-A74B-1B397E431A95}.Debug|x64.Deploy.0 = Debug|Any CPU
		{B1BC6CDA-1E1F-465B-A74B-1B397E431A95}.Debug|x86.ActiveCfg = Debug|Any CPU
		{B1BC6CDA-1E1F-465B-A74B-1B397E431A95}.Debug|x86.Build.0 = Debug|Any CPU
		{B1BC6CDA-1E1F-465B-A74B-1B397E431A95}.Debug|x86.Deploy.0 = Debug|Any CPU
		{B1BC6CDA-1E1F-465B-A74B-1B397E431A95}.Release|Any CPU.ActiveCfg = Release|Any CPU
		{B1BC6CDA-1E1F-465B-A74B-1B397E431A95}.Release|Any CPU.Build.0 = Release|Any CPU
		{B1BC6CDA-1E1F-465B-A74B-1B397E431A95}.Release|Any CPU.Deploy.0 = Release|Any CPU
		{B1BC6CDA-1E1F-465B-A74B-1B397E431A95}.Release|ARM.ActiveCfg = Release|Any CPU
		{B1BC6CDA-1E1F-465B-A74B-1B397E431A95}.Release|ARM.Build.0 = Release|Any CPU
		{B1BC6CDA-1E1F-465B-A74B-1B397E431A95}.Release|ARM.Deploy.0 = Release|Any CPU
		{B1BC6CDA-1E1F-465B-A74B-1B397E431A95}.Release|iPhone.ActiveCfg = Release|Any CPU
		{B1BC6CDA-1E1F-465B-A74B-1B397E431A95}.Release|iPhone.Build.0 = Release|Any CPU
		{B1BC6CDA-1E1F-465B-A74B-1B397E431A95}.Release|iPhone.Deploy.0 = Release|Any CPU
		{B1BC6CDA-1E1F-465B-A74B-1B397E431A95}.Release|iPhoneSimulator.ActiveCfg = Release|Any CPU
		{B1BC6CDA-1E1F-465B-A74B-1B397E431A95}.Release|iPhoneSimulator.Build.0 = Release|Any CPU
		{B1BC6CDA-1E1F-465B-A74B-1B397E431A95}.Release|iPhoneSimulator.Deploy.0 = Release|Any CPU
		{B1BC6CDA-1E1F-465B-A74B-1B397E431A95}.Release|x64.ActiveCfg = Release|Any CPU
		{B1BC6CDA-1E1F-465B-A74B-1B397E431A95}.Release|x64.Build.0 = Release|Any CPU
		{B1BC6CDA-1E1F-465B-A74B-1B397E431A95}.Release|x64.Deploy.0 = Release|Any CPU
		{B1BC6CDA-1E1F-465B-A74B-1B397E431A95}.Release|x86.ActiveCfg = Release|Any CPU
		{B1BC6CDA-1E1F-465B-A74B-1B397E431A95}.Release|x86.Build.0 = Release|Any CPU
		{B1BC6CDA-1E1F-465B-A74B-1B397E431A95}.Release|x86.Deploy.0 = Release|Any CPU
		{C6B4B78F-50D2-4DC1-A68B-C55ECD075B51}.Ad-Hoc|Any CPU.ActiveCfg = Ad-Hoc|iPhone
		{C6B4B78F-50D2-4DC1-A68B-C55ECD075B51}.Ad-Hoc|ARM.ActiveCfg = Ad-Hoc|iPhone
		{C6B4B78F-50D2-4DC1-A68B-C55ECD075B51}.Ad-Hoc|iPhone.ActiveCfg = Ad-Hoc|iPhone
		{C6B4B78F-50D2-4DC1-A68B-C55ECD075B51}.Ad-Hoc|iPhone.Build.0 = Ad-Hoc|iPhone
		{C6B4B78F-50D2-4DC1-A68B-C55ECD075B51}.Ad-Hoc|iPhoneSimulator.ActiveCfg = Ad-Hoc|iPhoneSimulator
		{C6B4B78F-50D2-4DC1-A68B-C55ECD075B51}.Ad-Hoc|iPhoneSimulator.Build.0 = Ad-Hoc|iPhoneSimulator
		{C6B4B78F-50D2-4DC1-A68B-C55ECD075B51}.Ad-Hoc|x64.ActiveCfg = Ad-Hoc|iPhone
		{C6B4B78F-50D2-4DC1-A68B-C55ECD075B51}.Ad-Hoc|x86.ActiveCfg = Ad-Hoc|iPhone
		{C6B4B78F-50D2-4DC1-A68B-C55ECD075B51}.AppStore|Any CPU.ActiveCfg = AppStore|iPhone
		{C6B4B78F-50D2-4DC1-A68B-C55ECD075B51}.AppStore|ARM.ActiveCfg = AppStore|iPhone
		{C6B4B78F-50D2-4DC1-A68B-C55ECD075B51}.AppStore|iPhone.ActiveCfg = AppStore|iPhone
		{C6B4B78F-50D2-4DC1-A68B-C55ECD075B51}.AppStore|iPhone.Build.0 = AppStore|iPhone
		{C6B4B78F-50D2-4DC1-A68B-C55ECD075B51}.AppStore|iPhoneSimulator.ActiveCfg = AppStore|iPhoneSimulator
		{C6B4B78F-50D2-4DC1-A68B-C55ECD075B51}.AppStore|iPhoneSimulator.Build.0 = AppStore|iPhoneSimulator
		{C6B4B78F-50D2-4DC1-A68B-C55ECD075B51}.AppStore|x64.ActiveCfg = AppStore|iPhone
		{C6B4B78F-50D2-4DC1-A68B-C55ECD075B51}.AppStore|x86.ActiveCfg = AppStore|iPhone
		{C6B4B78F-50D2-4DC1-A68B-C55ECD075B51}.Debug|Any CPU.ActiveCfg = Debug|iPhone
		{C6B4B78F-50D2-4DC1-A68B-C55ECD075B51}.Debug|ARM.ActiveCfg = Debug|iPhone
		{C6B4B78F-50D2-4DC1-A68B-C55ECD075B51}.Debug|iPhone.ActiveCfg = Debug|iPhone
		{C6B4B78F-50D2-4DC1-A68B-C55ECD075B51}.Debug|iPhone.Build.0 = Debug|iPhone
		{C6B4B78F-50D2-4DC1-A68B-C55ECD075B51}.Debug|iPhoneSimulator.ActiveCfg = Debug|iPhoneSimulator
		{C6B4B78F-50D2-4DC1-A68B-C55ECD075B51}.Debug|iPhoneSimulator.Build.0 = Debug|iPhoneSimulator
		{C6B4B78F-50D2-4DC1-A68B-C55ECD075B51}.Debug|x64.ActiveCfg = Debug|iPhone
		{C6B4B78F-50D2-4DC1-A68B-C55ECD075B51}.Debug|x86.ActiveCfg = Debug|iPhone
		{C6B4B78F-50D2-4DC1-A68B-C55ECD075B51}.Release|Any CPU.ActiveCfg = Release|iPhone
		{C6B4B78F-50D2-4DC1-A68B-C55ECD075B51}.Release|ARM.ActiveCfg = Release|iPhone
		{C6B4B78F-50D2-4DC1-A68B-C55ECD075B51}.Release|iPhone.ActiveCfg = Release|iPhone
		{C6B4B78F-50D2-4DC1-A68B-C55ECD075B51}.Release|iPhone.Build.0 = Release|iPhone
		{C6B4B78F-50D2-4DC1-A68B-C55ECD075B51}.Release|iPhoneSimulator.ActiveCfg = Release|iPhoneSimulator
		{C6B4B78F-50D2-4DC1-A68B-C55ECD075B51}.Release|iPhoneSimulator.Build.0 = Release|iPhoneSimulator
		{C6B4B78F-50D2-4DC1-A68B-C55ECD075B51}.Release|x64.ActiveCfg = Release|iPhone
		{C6B4B78F-50D2-4DC1-A68B-C55ECD075B51}.Release|x86.ActiveCfg = Release|iPhone
		{2847F125-F8CA-4CCA-B866-3A89CDDF07DD}.Ad-Hoc|Any CPU.ActiveCfg = Release|Any CPU
		{2847F125-F8CA-4CCA-B866-3A89CDDF07DD}.Ad-Hoc|Any CPU.Build.0 = Release|Any CPU
		{2847F125-F8CA-4CCA-B866-3A89CDDF07DD}.Ad-Hoc|Any CPU.Deploy.0 = Release|Any CPU
		{2847F125-F8CA-4CCA-B866-3A89CDDF07DD}.Ad-Hoc|ARM.ActiveCfg = Release|ARM
		{2847F125-F8CA-4CCA-B866-3A89CDDF07DD}.Ad-Hoc|ARM.Build.0 = Release|ARM
		{2847F125-F8CA-4CCA-B866-3A89CDDF07DD}.Ad-Hoc|ARM.Deploy.0 = Release|ARM
		{2847F125-F8CA-4CCA-B866-3A89CDDF07DD}.Ad-Hoc|iPhone.ActiveCfg = Release|Any CPU
		{2847F125-F8CA-4CCA-B866-3A89CDDF07DD}.Ad-Hoc|iPhone.Build.0 = Release|Any CPU
		{2847F125-F8CA-4CCA-B866-3A89CDDF07DD}.Ad-Hoc|iPhone.Deploy.0 = Release|Any CPU
		{2847F125-F8CA-4CCA-B866-3A89CDDF07DD}.Ad-Hoc|iPhoneSimulator.ActiveCfg = Release|Any CPU
		{2847F125-F8CA-4CCA-B866-3A89CDDF07DD}.Ad-Hoc|iPhoneSimulator.Build.0 = Release|Any CPU
		{2847F125-F8CA-4CCA-B866-3A89CDDF07DD}.Ad-Hoc|iPhoneSimulator.Deploy.0 = Release|Any CPU
		{2847F125-F8CA-4CCA-B866-3A89CDDF07DD}.Ad-Hoc|x64.ActiveCfg = Release|Any CPU
		{2847F125-F8CA-4CCA-B866-3A89CDDF07DD}.Ad-Hoc|x64.Build.0 = Release|Any CPU
		{2847F125-F8CA-4CCA-B866-3A89CDDF07DD}.Ad-Hoc|x64.Deploy.0 = Release|Any CPU
		{2847F125-F8CA-4CCA-B866-3A89CDDF07DD}.Ad-Hoc|x86.ActiveCfg = Release|x86
		{2847F125-F8CA-4CCA-B866-3A89CDDF07DD}.Ad-Hoc|x86.Build.0 = Release|x86
		{2847F125-F8CA-4CCA-B866-3A89CDDF07DD}.Ad-Hoc|x86.Deploy.0 = Release|x86
		{2847F125-F8CA-4CCA-B866-3A89CDDF07DD}.AppStore|Any CPU.ActiveCfg = Release|Any CPU
		{2847F125-F8CA-4CCA-B866-3A89CDDF07DD}.AppStore|Any CPU.Build.0 = Release|Any CPU
		{2847F125-F8CA-4CCA-B866-3A89CDDF07DD}.AppStore|Any CPU.Deploy.0 = Release|Any CPU
		{2847F125-F8CA-4CCA-B866-3A89CDDF07DD}.AppStore|ARM.ActiveCfg = Release|ARM
		{2847F125-F8CA-4CCA-B866-3A89CDDF07DD}.AppStore|ARM.Build.0 = Release|ARM
		{2847F125-F8CA-4CCA-B866-3A89CDDF07DD}.AppStore|ARM.Deploy.0 = Release|ARM
		{2847F125-F8CA-4CCA-B866-3A89CDDF07DD}.AppStore|iPhone.ActiveCfg = Release|Any CPU
		{2847F125-F8CA-4CCA-B866-3A89CDDF07DD}.AppStore|iPhone.Build.0 = Release|Any CPU
		{2847F125-F8CA-4CCA-B866-3A89CDDF07DD}.AppStore|iPhone.Deploy.0 = Release|Any CPU
		{2847F125-F8CA-4CCA-B866-3A89CDDF07DD}.AppStore|iPhoneSimulator.ActiveCfg = Release|Any CPU
		{2847F125-F8CA-4CCA-B866-3A89CDDF07DD}.AppStore|iPhoneSimulator.Build.0 = Release|Any CPU
		{2847F125-F8CA-4CCA-B866-3A89CDDF07DD}.AppStore|iPhoneSimulator.Deploy.0 = Release|Any CPU
		{2847F125-F8CA-4CCA-B866-3A89CDDF07DD}.AppStore|x64.ActiveCfg = Release|Any CPU
		{2847F125-F8CA-4CCA-B866-3A89CDDF07DD}.AppStore|x64.Build.0 = Release|Any CPU
		{2847F125-F8CA-4CCA-B866-3A89CDDF07DD}.AppStore|x64.Deploy.0 = Release|Any CPU
		{2847F125-F8CA-4CCA-B866-3A89CDDF07DD}.AppStore|x86.ActiveCfg = Release|x86
		{2847F125-F8CA-4CCA-B866-3A89CDDF07DD}.AppStore|x86.Build.0 = Release|x86
		{2847F125-F8CA-4CCA-B866-3A89CDDF07DD}.AppStore|x86.Deploy.0 = Release|x86
		{2847F125-F8CA-4CCA-B866-3A89CDDF07DD}.Debug|Any CPU.ActiveCfg = Debug|Any CPU
		{2847F125-F8CA-4CCA-B866-3A89CDDF07DD}.Debug|Any CPU.Build.0 = Debug|Any CPU
		{2847F125-F8CA-4CCA-B866-3A89CDDF07DD}.Debug|Any CPU.Deploy.0 = Debug|Any CPU
		{2847F125-F8CA-4CCA-B866-3A89CDDF07DD}.Debug|ARM.ActiveCfg = Debug|ARM
		{2847F125-F8CA-4CCA-B866-3A89CDDF07DD}.Debug|ARM.Build.0 = Debug|ARM
		{2847F125-F8CA-4CCA-B866-3A89CDDF07DD}.Debug|ARM.Deploy.0 = Debug|ARM
		{2847F125-F8CA-4CCA-B866-3A89CDDF07DD}.Debug|iPhone.ActiveCfg = Debug|Any CPU
		{2847F125-F8CA-4CCA-B866-3A89CDDF07DD}.Debug|iPhone.Build.0 = Debug|Any CPU
		{2847F125-F8CA-4CCA-B866-3A89CDDF07DD}.Debug|iPhone.Deploy.0 = Debug|Any CPU
		{2847F125-F8CA-4CCA-B866-3A89CDDF07DD}.Debug|iPhoneSimulator.ActiveCfg = Debug|Any CPU
		{2847F125-F8CA-4CCA-B866-3A89CDDF07DD}.Debug|iPhoneSimulator.Build.0 = Debug|Any CPU
		{2847F125-F8CA-4CCA-B866-3A89CDDF07DD}.Debug|iPhoneSimulator.Deploy.0 = Debug|Any CPU
		{2847F125-F8CA-4CCA-B866-3A89CDDF07DD}.Debug|x64.ActiveCfg = Debug|Any CPU
		{2847F125-F8CA-4CCA-B866-3A89CDDF07DD}.Debug|x64.Build.0 = Debug|Any CPU
		{2847F125-F8CA-4CCA-B866-3A89CDDF07DD}.Debug|x64.Deploy.0 = Debug|Any CPU
		{2847F125-F8CA-4CCA-B866-3A89CDDF07DD}.Debug|x86.ActiveCfg = Debug|x86
		{2847F125-F8CA-4CCA-B866-3A89CDDF07DD}.Debug|x86.Build.0 = Debug|x86
		{2847F125-F8CA-4CCA-B866-3A89CDDF07DD}.Debug|x86.Deploy.0 = Debug|x86
		{2847F125-F8CA-4CCA-B866-3A89CDDF07DD}.Release|Any CPU.ActiveCfg = Release|Any CPU
		{2847F125-F8CA-4CCA-B866-3A89CDDF07DD}.Release|Any CPU.Build.0 = Release|Any CPU
		{2847F125-F8CA-4CCA-B866-3A89CDDF07DD}.Release|Any CPU.Deploy.0 = Release|Any CPU
		{2847F125-F8CA-4CCA-B866-3A89CDDF07DD}.Release|ARM.ActiveCfg = Release|ARM
		{2847F125-F8CA-4CCA-B866-3A89CDDF07DD}.Release|ARM.Build.0 = Release|ARM
		{2847F125-F8CA-4CCA-B866-3A89CDDF07DD}.Release|ARM.Deploy.0 = Release|ARM
		{2847F125-F8CA-4CCA-B866-3A89CDDF07DD}.Release|iPhone.ActiveCfg = Release|Any CPU
		{2847F125-F8CA-4CCA-B866-3A89CDDF07DD}.Release|iPhone.Build.0 = Release|Any CPU
		{2847F125-F8CA-4CCA-B866-3A89CDDF07DD}.Release|iPhone.Deploy.0 = Release|Any CPU
		{2847F125-F8CA-4CCA-B866-3A89CDDF07DD}.Release|iPhoneSimulator.ActiveCfg = Release|Any CPU
		{2847F125-F8CA-4CCA-B866-3A89CDDF07DD}.Release|iPhoneSimulator.Build.0 = Release|Any CPU
		{2847F125-F8CA-4CCA-B866-3A89CDDF07DD}.Release|iPhoneSimulator.Deploy.0 = Release|Any CPU
		{2847F125-F8CA-4CCA-B866-3A89CDDF07DD}.Release|x64.ActiveCfg = Release|Any CPU
		{2847F125-F8CA-4CCA-B866-3A89CDDF07DD}.Release|x64.Build.0 = Release|Any CPU
		{2847F125-F8CA-4CCA-B866-3A89CDDF07DD}.Release|x64.Deploy.0 = Release|Any CPU
		{2847F125-F8CA-4CCA-B866-3A89CDDF07DD}.Release|x86.ActiveCfg = Release|x86
		{2847F125-F8CA-4CCA-B866-3A89CDDF07DD}.Release|x86.Build.0 = Release|x86
		{2847F125-F8CA-4CCA-B866-3A89CDDF07DD}.Release|x86.Deploy.0 = Release|x86
		{9766D57C-ED35-4A77-BDD0-186670CD24F4}.Ad-Hoc|Any CPU.ActiveCfg = Release|Any CPU
		{9766D57C-ED35-4A77-BDD0-186670CD24F4}.Ad-Hoc|Any CPU.Build.0 = Release|Any CPU
		{9766D57C-ED35-4A77-BDD0-186670CD24F4}.Ad-Hoc|Any CPU.Deploy.0 = Release|Any CPU
		{9766D57C-ED35-4A77-BDD0-186670CD24F4}.Ad-Hoc|ARM.ActiveCfg = Release|ARM
		{9766D57C-ED35-4A77-BDD0-186670CD24F4}.Ad-Hoc|ARM.Build.0 = Release|ARM
		{9766D57C-ED35-4A77-BDD0-186670CD24F4}.Ad-Hoc|ARM.Deploy.0 = Release|ARM
		{9766D57C-ED35-4A77-BDD0-186670CD24F4}.Ad-Hoc|iPhone.ActiveCfg = Release|Any CPU
		{9766D57C-ED35-4A77-BDD0-186670CD24F4}.Ad-Hoc|iPhone.Build.0 = Release|Any CPU
		{9766D57C-ED35-4A77-BDD0-186670CD24F4}.Ad-Hoc|iPhone.Deploy.0 = Release|Any CPU
		{9766D57C-ED35-4A77-BDD0-186670CD24F4}.Ad-Hoc|iPhoneSimulator.ActiveCfg = Release|Any CPU
		{9766D57C-ED35-4A77-BDD0-186670CD24F4}.Ad-Hoc|iPhoneSimulator.Build.0 = Release|Any CPU
		{9766D57C-ED35-4A77-BDD0-186670CD24F4}.Ad-Hoc|iPhoneSimulator.Deploy.0 = Release|Any CPU
		{9766D57C-ED35-4A77-BDD0-186670CD24F4}.Ad-Hoc|x64.ActiveCfg = Release|x64
		{9766D57C-ED35-4A77-BDD0-186670CD24F4}.Ad-Hoc|x64.Build.0 = Release|x64
		{9766D57C-ED35-4A77-BDD0-186670CD24F4}.Ad-Hoc|x64.Deploy.0 = Release|x64
		{9766D57C-ED35-4A77-BDD0-186670CD24F4}.Ad-Hoc|x86.ActiveCfg = Release|x86
		{9766D57C-ED35-4A77-BDD0-186670CD24F4}.Ad-Hoc|x86.Build.0 = Release|x86
		{9766D57C-ED35-4A77-BDD0-186670CD24F4}.Ad-Hoc|x86.Deploy.0 = Release|x86
		{9766D57C-ED35-4A77-BDD0-186670CD24F4}.AppStore|Any CPU.ActiveCfg = Release|Any CPU
		{9766D57C-ED35-4A77-BDD0-186670CD24F4}.AppStore|Any CPU.Build.0 = Release|Any CPU
		{9766D57C-ED35-4A77-BDD0-186670CD24F4}.AppStore|Any CPU.Deploy.0 = Release|Any CPU
		{9766D57C-ED35-4A77-BDD0-186670CD24F4}.AppStore|ARM.ActiveCfg = Release|ARM
		{9766D57C-ED35-4A77-BDD0-186670CD24F4}.AppStore|ARM.Build.0 = Release|ARM
		{9766D57C-ED35-4A77-BDD0-186670CD24F4}.AppStore|ARM.Deploy.0 = Release|ARM
		{9766D57C-ED35-4A77-BDD0-186670CD24F4}.AppStore|iPhone.ActiveCfg = Release|Any CPU
		{9766D57C-ED35-4A77-BDD0-186670CD24F4}.AppStore|iPhone.Build.0 = Release|Any CPU
		{9766D57C-ED35-4A77-BDD0-186670CD24F4}.AppStore|iPhone.Deploy.0 = Release|Any CPU
		{9766D57C-ED35-4A77-BDD0-186670CD24F4}.AppStore|iPhoneSimulator.ActiveCfg = Release|Any CPU
		{9766D57C-ED35-4A77-BDD0-186670CD24F4}.AppStore|iPhoneSimulator.Build.0 = Release|Any CPU
		{9766D57C-ED35-4A77-BDD0-186670CD24F4}.AppStore|iPhoneSimulator.Deploy.0 = Release|Any CPU
		{9766D57C-ED35-4A77-BDD0-186670CD24F4}.AppStore|x64.ActiveCfg = Release|x64
		{9766D57C-ED35-4A77-BDD0-186670CD24F4}.AppStore|x64.Build.0 = Release|x64
		{9766D57C-ED35-4A77-BDD0-186670CD24F4}.AppStore|x64.Deploy.0 = Release|x64
		{9766D57C-ED35-4A77-BDD0-186670CD24F4}.AppStore|x86.ActiveCfg = Release|x86
		{9766D57C-ED35-4A77-BDD0-186670CD24F4}.AppStore|x86.Build.0 = Release|x86
		{9766D57C-ED35-4A77-BDD0-186670CD24F4}.AppStore|x86.Deploy.0 = Release|x86
		{9766D57C-ED35-4A77-BDD0-186670CD24F4}.Debug|Any CPU.ActiveCfg = Debug|Any CPU
		{9766D57C-ED35-4A77-BDD0-186670CD24F4}.Debug|Any CPU.Build.0 = Debug|Any CPU
		{9766D57C-ED35-4A77-BDD0-186670CD24F4}.Debug|Any CPU.Deploy.0 = Debug|Any CPU
		{9766D57C-ED35-4A77-BDD0-186670CD24F4}.Debug|ARM.ActiveCfg = Debug|ARM
		{9766D57C-ED35-4A77-BDD0-186670CD24F4}.Debug|ARM.Build.0 = Debug|ARM
		{9766D57C-ED35-4A77-BDD0-186670CD24F4}.Debug|ARM.Deploy.0 = Debug|ARM
		{9766D57C-ED35-4A77-BDD0-186670CD24F4}.Debug|iPhone.ActiveCfg = Debug|Any CPU
		{9766D57C-ED35-4A77-BDD0-186670CD24F4}.Debug|iPhone.Build.0 = Debug|Any CPU
		{9766D57C-ED35-4A77-BDD0-186670CD24F4}.Debug|iPhone.Deploy.0 = Debug|Any CPU
		{9766D57C-ED35-4A77-BDD0-186670CD24F4}.Debug|iPhoneSimulator.ActiveCfg = Debug|Any CPU
		{9766D57C-ED35-4A77-BDD0-186670CD24F4}.Debug|iPhoneSimulator.Build.0 = Debug|Any CPU
		{9766D57C-ED35-4A77-BDD0-186670CD24F4}.Debug|iPhoneSimulator.Deploy.0 = Debug|Any CPU
		{9766D57C-ED35-4A77-BDD0-186670CD24F4}.Debug|x64.ActiveCfg = Debug|x64
		{9766D57C-ED35-4A77-BDD0-186670CD24F4}.Debug|x64.Build.0 = Debug|x64
		{9766D57C-ED35-4A77-BDD0-186670CD24F4}.Debug|x64.Deploy.0 = Debug|x64
		{9766D57C-ED35-4A77-BDD0-186670CD24F4}.Debug|x86.ActiveCfg = Debug|x86
		{9766D57C-ED35-4A77-BDD0-186670CD24F4}.Debug|x86.Build.0 = Debug|x86
		{9766D57C-ED35-4A77-BDD0-186670CD24F4}.Debug|x86.Deploy.0 = Debug|x86
		{9766D57C-ED35-4A77-BDD0-186670CD24F4}.Release|Any CPU.ActiveCfg = Release|Any CPU
		{9766D57C-ED35-4A77-BDD0-186670CD24F4}.Release|Any CPU.Build.0 = Release|Any CPU
		{9766D57C-ED35-4A77-BDD0-186670CD24F4}.Release|Any CPU.Deploy.0 = Release|Any CPU
		{9766D57C-ED35-4A77-BDD0-186670CD24F4}.Release|ARM.ActiveCfg = Release|ARM
		{9766D57C-ED35-4A77-BDD0-186670CD24F4}.Release|ARM.Build.0 = Release|ARM
		{9766D57C-ED35-4A77-BDD0-186670CD24F4}.Release|ARM.Deploy.0 = Release|ARM
		{9766D57C-ED35-4A77-BDD0-186670CD24F4}.Release|iPhone.ActiveCfg = Release|Any CPU
		{9766D57C-ED35-4A77-BDD0-186670CD24F4}.Release|iPhone.Build.0 = Release|Any CPU
		{9766D57C-ED35-4A77-BDD0-186670CD24F4}.Release|iPhone.Deploy.0 = Release|Any CPU
		{9766D57C-ED35-4A77-BDD0-186670CD24F4}.Release|iPhoneSimulator.ActiveCfg = Release|Any CPU
		{9766D57C-ED35-4A77-BDD0-186670CD24F4}.Release|iPhoneSimulator.Build.0 = Release|Any CPU
		{9766D57C-ED35-4A77-BDD0-186670CD24F4}.Release|iPhoneSimulator.Deploy.0 = Release|Any CPU
		{9766D57C-ED35-4A77-BDD0-186670CD24F4}.Release|x64.ActiveCfg = Release|x64
		{9766D57C-ED35-4A77-BDD0-186670CD24F4}.Release|x64.Build.0 = Release|x64
		{9766D57C-ED35-4A77-BDD0-186670CD24F4}.Release|x64.Deploy.0 = Release|x64
		{9766D57C-ED35-4A77-BDD0-186670CD24F4}.Release|x86.ActiveCfg = Release|x86
		{9766D57C-ED35-4A77-BDD0-186670CD24F4}.Release|x86.Build.0 = Release|x86
		{9766D57C-ED35-4A77-BDD0-186670CD24F4}.Release|x86.Deploy.0 = Release|x86
	EndGlobalSection
	GlobalSection(SolutionProperties) = preSolution
		HideSolutionNode = FALSE
	EndGlobalSection
EndGlobal
